
Microsoft Visual Studio Solution File, Format Version 12.00
# Visual Studio Version 17
VisualStudioVersion = 17.5.33414.496
MinimumVisualStudioVersion = 10.0.40219.1
Project("{FAE04EC0-301F-11D3-BF4B-00C04F79EFBC}") = "STDTCal", "STDTCal\STDTCal.csproj", "{8484DEFA-6C02-49F0-90AC-C8EE1ABDCC66}"
EndProject
Global
	GlobalSection(SolutionConfigurationPlatforms) = preSolution
		Debug|Any CPU = Debug|Any CPU
		Release|Any CPU = Release|Any CPU
	EndGlobalSection
	GlobalSection(ProjectConfigurationPlatforms) = postSolution
		{8484DEFA-6C02-49F0-90AC-C8EE1ABDCC66}.Debug|Any CPU.ActiveCfg = Debug|Any CPU
		{8484DEFA-6C02-49F0-90AC-C8EE1ABDCC66}.Debug|Any CPU.Build.0 = Debug|Any CPU
		{8484DEFA-6C02-49F0-90AC-C8EE1ABDCC66}.Release|Any CPU.ActiveCfg = Release|Any CPU
		{8484DEFA-6C02-49F0-90AC-C8EE1ABDCC66}.Release|Any CPU.Build.0 = Release|Any CPU
	EndGlobalSection
	GlobalSection(SolutionProperties) = preSolution
		HideSolutionNode = FALSE
	EndGlobalSection
	GlobalSection(ExtensibilityGlobals) = postSolution
		SolutionGuid = {4B51A5B7-6C32-487C-9EC1-1A7483D80B79}
	EndGlobalSection
EndGlobal
